
Microsoft Visual Studio Solution File, Format Version 12.00
# Visual Studio Version 17
VisualStudioVersion = 17.3.32825.248
MinimumVisualStudioVersion = 10.0.40219.1
Project("{FAE04EC0-301F-11D3-BF4B-00C04F79EFBC}") = "Naming", "Naming\Naming.csproj", "{9499C550-FC7E-442B-8E91-6458A0D836AC}"
EndProject
Global
	GlobalSection(SolutionConfigurationPlatforms) = preSolution
		Debug|Any CPU = Debug|Any CPU
		Release|Any CPU = Release|Any CPU
	EndGlobalSection
	GlobalSection(ProjectConfigurationPlatforms) = postSolution
		{9499C550-FC7E-442B-8E91-6458A0D836AC}.Debug|Any CPU.ActiveCfg = Debug|Any CPU
		{9499C550-FC7E-442B-8E91-6458A0D836AC}.Debug|Any CPU.Build.0 = Debug|Any CPU
		{9499C550-FC7E-442B-8E91-6458A0D836AC}.Release|Any CPU.ActiveCfg = Release|Any CPU
		{9499C550-FC7E-442B-8E91-6458A0D836AC}.Release|Any CPU.Build.0 = Release|Any CPU
	EndGlobalSection
	GlobalSection(SolutionProperties) = preSolution
		HideSolutionNode = FALSE
	EndGlobalSection
	GlobalSection(ExtensibilityGlobals) = postSolution
		SolutionGuid = {A5F002B5-B821-4017-B9AE-3DB82E0D7034}
	EndGlobalSection
EndGlobal
