
Microsoft Visual Studio Solution File, Format Version 12.00
# Visual Studio Version 17
VisualStudioVersion = 17.3.32825.248
MinimumVisualStudioVersion = 10.0.40219.1
Project("{FAE04EC0-301F-11D3-BF4B-00C04F79EFBC}") = "SRP", "SRP\SRP.csproj", "{B537F0AC-82F6-4525-A90D-B9081D810E2B}"
EndProject
Project("{FAE04EC0-301F-11D3-BF4B-00C04F79EFBC}") = "OCP", "OCP\OCP.csproj", "{28DF27E5-3C2A-4ECC-ADAA-DA674C11302D}"
EndProject
Project("{FAE04EC0-301F-11D3-BF4B-00C04F79EFBC}") = "LSP", "LSP\LSP.csproj", "{E6A78BD5-863A-453C-B89A-C3F7FF703FAA}"
EndProject
Project("{FAE04EC0-301F-11D3-BF4B-00C04F79EFBC}") = "ISP", "ISP\ISP.csproj", "{94C1DB9D-6837-4924-9091-2509C7432DBB}"
EndProject
Project("{FAE04EC0-301F-11D3-BF4B-00C04F79EFBC}") = "DIP", "DIP\DIP.csproj", "{C7DBD3A5-2BE6-4DEB-80B4-5A8ACE53489A}"
EndProject
Global
	GlobalSection(SolutionConfigurationPlatforms) = preSolution
		Debug|Any CPU = Debug|Any CPU
		Release|Any CPU = Release|Any CPU
	EndGlobalSection
	GlobalSection(ProjectConfigurationPlatforms) = postSolution
		{B537F0AC-82F6-4525-A90D-B9081D810E2B}.Debug|Any CPU.ActiveCfg = Debug|Any CPU
		{B537F0AC-82F6-4525-A90D-B9081D810E2B}.Debug|Any CPU.Build.0 = Debug|Any CPU
		{B537F0AC-82F6-4525-A90D-B9081D810E2B}.Release|Any CPU.ActiveCfg = Release|Any CPU
		{B537F0AC-82F6-4525-A90D-B9081D810E2B}.Release|Any CPU.Build.0 = Release|Any CPU
		{28DF27E5-3C2A-4ECC-ADAA-DA674C11302D}.Debug|Any CPU.ActiveCfg = Debug|Any CPU
		{28DF27E5-3C2A-4ECC-ADAA-DA674C11302D}.Debug|Any CPU.Build.0 = Debug|Any CPU
		{28DF27E5-3C2A-4ECC-ADAA-DA674C11302D}.Release|Any CPU.ActiveCfg = Release|Any CPU
		{28DF27E5-3C2A-4ECC-ADAA-DA674C11302D}.Release|Any CPU.Build.0 = Release|Any CPU
		{E6A78BD5-863A-453C-B89A-C3F7FF703FAA}.Debug|Any CPU.ActiveCfg = Debug|Any CPU
		{E6A78BD5-863A-453C-B89A-C3F7FF703FAA}.Debug|Any CPU.Build.0 = Debug|Any CPU
		{E6A78BD5-863A-453C-B89A-C3F7FF703FAA}.Release|Any CPU.ActiveCfg = Release|Any CPU
		{E6A78BD5-863A-453C-B89A-C3F7FF703FAA}.Release|Any CPU.Build.0 = Release|Any CPU
		{94C1DB9D-6837-4924-9091-2509C7432DBB}.Debug|Any CPU.ActiveCfg = Debug|Any CPU
		{94C1DB9D-6837-4924-9091-2509C7432DBB}.Debug|Any CPU.Build.0 = Debug|Any CPU
		{94C1DB9D-6837-4924-9091-2509C7432DBB}.Release|Any CPU.ActiveCfg = Release|Any CPU
		{94C1DB9D-6837-4924-9091-2509C7432DBB}.Release|Any CPU.Build.0 = Release|Any CPU
		{C7DBD3A5-2BE6-4DEB-80B4-5A8ACE53489A}.Debug|Any CPU.ActiveCfg = Debug|Any CPU
		{C7DBD3A5-2BE6-4DEB-80B4-5A8ACE53489A}.Debug|Any CPU.Build.0 = Debug|Any CPU
		{C7DBD3A5-2BE6-4DEB-80B4-5A8ACE53489A}.Release|Any CPU.ActiveCfg = Release|Any CPU
		{C7DBD3A5-2BE6-4DEB-80B4-5A8ACE53489A}.Release|Any CPU.Build.0 = Release|Any CPU
	EndGlobalSection
	GlobalSection(SolutionProperties) = preSolution
		HideSolutionNode = FALSE
	EndGlobalSection
	GlobalSection(ExtensibilityGlobals) = postSolution
		SolutionGuid = {E2DBCF39-D57A-4589-925D-6CB1921D502D}
	EndGlobalSection
EndGlobal
